// !$*UTF8*$!
{
	archiveVersion = 1;
	classes = {
	};
	objectVersion = 77;
	objects = {

/* Begin PBXBuildFile section */
		0D9B664D7BBC8BC97B6DFCF3 /* ProfileNotesView.swift in Sources */ = {isa = PBXBuildFile; fileRef = A13CA16E4A64E77071A909EC /* ProfileNotesView.swift */; };
		27436C17B7967D41963D2704 /* ContextManagerTests.swift in Sources */ = {isa = PBXBuildFile; fileRef = 28D43D9B9E99C9DA13C1DD96 /* ContextManagerTests.swift */; };
		3AB84D9A4187A3E53A74C938 /* ResponseBubble.swift in Sources */ = {isa = PBXBuildFile; fileRef = 11EF6741605E481B8DB59FAC /* ResponseBubble.swift */; };
		3B0A9B6238A30FFFDD5807F7 /* ContextManager.swift in Sources */ = {isa = PBXBuildFile; fileRef = F19E349D554A58B34BF9B913 /* ContextManager.swift */; };
		3DFB12A5FFECA99910CFE6D3 /* Tone.swift in Sources */ = {isa = PBXBuildFile; fileRef = 6770A6C5A35447F3F97E75D4 /* Tone.swift */; };
		41114367E45ABDE1F72A6378 /* ChatView.swift in Sources */ = {isa = PBXBuildFile; fileRef = 07315EE8CC0F59D077600BC1 /* ChatView.swift */; };
		752F8687CEFE207EA1210C1F /* FlirtyUITests.swift in Sources */ = {isa = PBXBuildFile; fileRef = CC9545D55AE66F66D19E4F77 /* FlirtyUITests.swift */; };
		7A6F2E39229A923A744D210D /* WomanProfile.swift in Sources */ = {isa = PBXBuildFile; fileRef = D82CB9217473269ADF816553 /* WomanProfile.swift */; };
		7FA89F2DCFDC5730E84DC84D /* AppTheme.swift in Sources */ = {isa = PBXBuildFile; fileRef = 9134963B9FEBFCF5CF9FC5B8 /* AppTheme.swift */; };
		90826F558CB1954EF942439A /* AddWomanView.swift in Sources */ = {isa = PBXBuildFile; fileRef = 2F761A36C0B74725D143D79E /* AddWomanView.swift */; };
		9F80D88844FE6FE7D9E58C89 /* FlirtyTests.swift in Sources */ = {isa = PBXBuildFile; fileRef = 041D185D1B750BD24DB8BCA2 /* FlirtyTests.swift */; };
		CD3DCA8ECB0C042645D21C70 /* FlirtyApp.swift in Sources */ = {isa = PBXBuildFile; fileRef = 63E0308F32460508FAF10EA1 /* FlirtyApp.swift */; };
		D22708E00D8B916467AD5A74 /* WomenListView.swift in Sources */ = {isa = PBXBuildFile; fileRef = 1F411AA95D178B68C0A3E216 /* WomenListView.swift */; };
		F641BAE1CFD93507DB1555D8 /* TonePicker.swift in Sources */ = {isa = PBXBuildFile; fileRef = 1D84BE0210AD48C6DFA19D6E /* TonePicker.swift */; };
		F66661F10D890B0EA21B3074 /* Conversation.swift in Sources */ = {isa = PBXBuildFile; fileRef = 429821EB16D81C68472A4468 /* Conversation.swift */; };
		FF502C6E2F754B63D960D49F /* AIService.swift in Sources */ = {isa = PBXBuildFile; fileRef = 6E85159FE06E41031375F133 /* AIService.swift */; };
/* End PBXBuildFile section */

/* Begin PBXContainerItemProxy section */
		0836F7C8EC5AC5B9CCB1E7F7 /* PBXContainerItemProxy */ = {
			isa = PBXContainerItemProxy;
			containerPortal = 1A55E2233B5347D860286288 /* Project object */;
			proxyType = 1;
			remoteGlobalIDString = 5F7E04370C16A043F3ED4A6D;
			remoteInfo = Flirty;
		};
		9A914484508321D04A324AD5 /* PBXContainerItemProxy */ = {
			isa = PBXContainerItemProxy;
			containerPortal = 1A55E2233B5347D860286288 /* Project object */;
			proxyType = 1;
			remoteGlobalIDString = 5F7E04370C16A043F3ED4A6D;
			remoteInfo = Flirty;
		};
/* End PBXContainerItemProxy section */

/* Begin PBXFileReference section */
		041D185D1B750BD24DB8BCA2 /* FlirtyTests.swift */ = {isa = PBXFileReference; lastKnownFileType = sourcecode.swift; path = FlirtyTests.swift; sourceTree = "<group>"; };
		07315EE8CC0F59D077600BC1 /* ChatView.swift */ = {isa = PBXFileReference; lastKnownFileType = sourcecode.swift; path = ChatView.swift; sourceTree = "<group>"; };
		11EF6741605E481B8DB59FAC /* ResponseBubble.swift */ = {isa = PBXFileReference; lastKnownFileType = sourcecode.swift; path = ResponseBubble.swift; sourceTree = "<group>"; };
		1D84BE0210AD48C6DFA19D6E /* TonePicker.swift */ = {isa = PBXFileReference; lastKnownFileType = sourcecode.swift; path = TonePicker.swift; sourceTree = "<group>"; };
		1F411AA95D178B68C0A3E216 /* WomenListView.swift */ = {isa = PBXFileReference; lastKnownFileType = sourcecode.swift; path = WomenListView.swift; sourceTree = "<group>"; };
		224A79AB44F70B1A6AF9252F /* FlirtyUITests.xctest */ = {isa = PBXFileReference; includeInIndex = 0; lastKnownFileType = wrapper.cfbundle; path = FlirtyUITests.xctest; sourceTree = BUILT_PRODUCTS_DIR; };
		28D43D9B9E99C9DA13C1DD96 /* ContextManagerTests.swift */ = {isa = PBXFileReference; lastKnownFileType = sourcecode.swift; path = ContextManagerTests.swift; sourceTree = "<group>"; };
		2F761A36C0B74725D143D79E /* AddWomanView.swift */ = {isa = PBXFileReference; lastKnownFileType = sourcecode.swift; path = AddWomanView.swift; sourceTree = "<group>"; };
		429821EB16D81C68472A4468 /* Conversation.swift */ = {isa = PBXFileReference; lastKnownFileType = sourcecode.swift; path = Conversation.swift; sourceTree = "<group>"; };
		63E0308F32460508FAF10EA1 /* FlirtyApp.swift */ = {isa = PBXFileReference; lastKnownFileType = sourcecode.swift; path = FlirtyApp.swift; sourceTree = "<group>"; };
		6770A6C5A35447F3F97E75D4 /* Tone.swift */ = {isa = PBXFileReference; lastKnownFileType = sourcecode.swift; path = Tone.swift; sourceTree = "<group>"; };
		6E85159FE06E41031375F133 /* AIService.swift */ = {isa = PBXFileReference; lastKnownFileType = sourcecode.swift; path = AIService.swift; sourceTree = "<group>"; };
		9134963B9FEBFCF5CF9FC5B8 /* AppTheme.swift */ = {isa = PBXFileReference; lastKnownFileType = sourcecode.swift; path = AppTheme.swift; sourceTree = "<group>"; };
		A13CA16E4A64E77071A909EC /* ProfileNotesView.swift */ = {isa = PBXFileReference; lastKnownFileType = sourcecode.swift; path = ProfileNotesView.swift; sourceTree = "<group>"; };
		CC9545D55AE66F66D19E4F77 /* FlirtyUITests.swift */ = {isa = PBXFileReference; lastKnownFileType = sourcecode.swift; path = FlirtyUITests.swift; sourceTree = "<group>"; };
		D82CB9217473269ADF816553 /* WomanProfile.swift */ = {isa = PBXFileReference; lastKnownFileType = sourcecode.swift; path = WomanProfile.swift; sourceTree = "<group>"; };
		DE6E5984DABB1E018AE6C7E6 /* Flirty.app */ = {isa = PBXFileReference; includeInIndex = 0; lastKnownFileType = wrapper.application; path = Flirty.app; sourceTree = BUILT_PRODUCTS_DIR; };
		F19E349D554A58B34BF9B913 /* ContextManager.swift */ = {isa = PBXFileReference; lastKnownFileType = sourcecode.swift; path = ContextManager.swift; sourceTree = "<group>"; };
		F6B589A520241B600FB322B7 /* FlirtyTests.xctest */ = {isa = PBXFileReference; includeInIndex = 0; lastKnownFileType = wrapper.cfbundle; path = FlirtyTests.xctest; sourceTree = BUILT_PRODUCTS_DIR; };
/* End PBXFileReference section */

/* Begin PBXGroup section */
		124D621AE3C950B90074BFCF /* App */ = {
			isa = PBXGroup;
			children = (
				63E0308F32460508FAF10EA1 /* FlirtyApp.swift */,
			);
			path = App;
			sourceTree = "<group>";
		};
		20C150F6D7A0D4D9CF1B31EA /* Products */ = {
			isa = PBXGroup;
			children = (
				DE6E5984DABB1E018AE6C7E6 /* Flirty.app */,
				F6B589A520241B600FB322B7 /* FlirtyTests.xctest */,
				224A79AB44F70B1A6AF9252F /* FlirtyUITests.xctest */,
			);
			name = Products;
			sourceTree = "<group>";
		};
		37F7A2A9CF08B6F9CC2F5938 /* Flirty */ = {
			isa = PBXGroup;
			children = (
				124D621AE3C950B90074BFCF /* App */,
				3BDC7722A6FC500210ACEC1E /* Models */,
				99DFCABECABD3F2DBF8FB3B0 /* Services */,
				EC36051E16534746B60CF37E /* Theme */,
				85AAA729A55F073FD898AFA9 /* Views */,
			);
			path = Flirty;
			sourceTree = "<group>";
		};
		3BDC7722A6FC500210ACEC1E /* Models */ = {
			isa = PBXGroup;
			children = (
				429821EB16D81C68472A4468 /* Conversation.swift */,
				6770A6C5A35447F3F97E75D4 /* Tone.swift */,
				D82CB9217473269ADF816553 /* WomanProfile.swift */,
			);
			path = Models;
			sourceTree = "<group>";
		};
		7E38C16EAE3629DDBBA9DD1F /* FlirtyUITests */ = {
			isa = PBXGroup;
			children = (
				CC9545D55AE66F66D19E4F77 /* FlirtyUITests.swift */,
			);
			path = FlirtyUITests;
			sourceTree = "<group>";
		};
		85AAA729A55F073FD898AFA9 /* Views */ = {
			isa = PBXGroup;
			children = (
				2F761A36C0B74725D143D79E /* AddWomanView.swift */,
				07315EE8CC0F59D077600BC1 /* ChatView.swift */,
				A13CA16E4A64E77071A909EC /* ProfileNotesView.swift */,
				11EF6741605E481B8DB59FAC /* ResponseBubble.swift */,
				1D84BE0210AD48C6DFA19D6E /* TonePicker.swift */,
				1F411AA95D178B68C0A3E216 /* WomenListView.swift */,
			);
			path = Views;
			sourceTree = "<group>";
		};
		875DAE234DDED0BFCD4DD200 /* FlirtyTests */ = {
			isa = PBXGroup;
			children = (
				28D43D9B9E99C9DA13C1DD96 /* ContextManagerTests.swift */,
				041D185D1B750BD24DB8BCA2 /* FlirtyTests.swift */,
			);
			path = FlirtyTests;
			sourceTree = "<group>";
		};
		99DFCABECABD3F2DBF8FB3B0 /* Services */ = {
			isa = PBXGroup;
			children = (
				6E85159FE06E41031375F133 /* AIService.swift */,
				F19E349D554A58B34BF9B913 /* ContextManager.swift */,
			);
			path = Services;
			sourceTree = "<group>";
		};
		B73E3D0C354BCFF04CCFFF2F = {
			isa = PBXGroup;
			children = (
				37F7A2A9CF08B6F9CC2F5938 /* Flirty */,
				875DAE234DDED0BFCD4DD200 /* FlirtyTests */,
				7E38C16EAE3629DDBBA9DD1F /* FlirtyUITests */,
				20C150F6D7A0D4D9CF1B31EA /* Products */,
			);
			sourceTree = "<group>";
		};
		EC36051E16534746B60CF37E /* Theme */ = {
			isa = PBXGroup;
			children = (
				9134963B9FEBFCF5CF9FC5B8 /* AppTheme.swift */,
			);
			path = Theme;
			sourceTree = "<group>";
		};
		"TEMP_586252D2-F9A1-4712-B063-F4720C2040B1" /* Resources */ = {
			isa = PBXGroup;
			children = (
			);
			path = Resources;
			sourceTree = "<group>";
		};
/* End PBXGroup section */

/* Begin PBXNativeTarget section */
		2369DBF1B34F21C35E55D3AF /* FlirtyTests */ = {
			isa = PBXNativeTarget;
			buildConfigurationList = F65E0CA26199B0B2E93CD8E2 /* Build configuration list for PBXNativeTarget "FlirtyTests" */;
			buildPhases = (
				EE9AA3699A9480448396CA74 /* Sources */,
			);
			buildRules = (
			);
			dependencies = (
				2430315049C93EF6D520E1F0 /* PBXTargetDependency */,
			);
			name = FlirtyTests;
			packageProductDependencies = (
			);
			productName = FlirtyTests;
			productReference = F6B589A520241B600FB322B7 /* FlirtyTests.xctest */;
			productType = "com.apple.product-type.bundle.unit-test";
		};
		5F7E04370C16A043F3ED4A6D /* Flirty */ = {
			isa = PBXNativeTarget;
			buildConfigurationList = E839477312D211478210A7AA /* Build configuration list for PBXNativeTarget "Flirty" */;
			buildPhases = (
				78D6E6DDF066B5A3CE875323 /* Sources */,
			);
			buildRules = (
			);
			dependencies = (
			);
			name = Flirty;
			packageProductDependencies = (
			);
			productName = Flirty;
			productReference = DE6E5984DABB1E018AE6C7E6 /* Flirty.app */;
			productType = "com.apple.product-type.application";
		};
		E433E3AB21C77CDB619D5746 /* FlirtyUITests */ = {
			isa = PBXNativeTarget;
			buildConfigurationList = A9901FD797592DF99B003D1D /* Build configuration list for PBXNativeTarget "FlirtyUITests" */;
			buildPhases = (
				CD3E4169EB37C897E5740206 /* Sources */,
			);
			buildRules = (
			);
			dependencies = (
				351F7D6DCE45C55F8738F1B8 /* PBXTargetDependency */,
			);
			name = FlirtyUITests;
			packageProductDependencies = (
			);
			productName = FlirtyUITests;
			productReference = 224A79AB44F70B1A6AF9252F /* FlirtyUITests.xctest */;
			productType = "com.apple.product-type.bundle.ui-testing";
		};
/* End PBXNativeTarget section */

/* Begin PBXProject section */
		1A55E2233B5347D860286288 /* Project object */ = {
			isa = PBXProject;
			attributes = {
				BuildIndependentTargetsInParallel = YES;
				LastUpgradeCheck = 2640;
				TargetAttributes = {
					5F7E04370C16A043F3ED4A6D = {
						DevelopmentTeam = 7JF6XQC536;
						ProvisioningStyle = Automatic;
					};
					E433E3AB21C77CDB619D5746 = {
						TestTargetID = 5F7E04370C16A043F3ED4A6D;
					};
				};
			};
			buildConfigurationList = 92C1BED995647A577D926382 /* Build configuration list for PBXProject "Flirty" */;
			developmentRegion = en;
			hasScannedForEncodings = 0;
			knownRegions = (
				Base,
				en,
			);
			mainGroup = B73E3D0C354BCFF04CCFFF2F;
			minimizedProjectReferenceProxies = 1;
			preferredProjectObjectVersion = 77;
			productRefGroup = 20C150F6D7A0D4D9CF1B31EA /* Products */;
			projectDirPath = "";
			projectRoot = "";
			targets = (
				5F7E04370C16A043F3ED4A6D /* Flirty */,
				2369DBF1B34F21C35E55D3AF /* FlirtyTests */,
				E433E3AB21C77CDB619D5746 /* FlirtyUITests */,
			);
		};
/* End PBXProject section */

/* Begin PBXSourcesBuildPhase section */
		78D6E6DDF066B5A3CE875323 /* Sources */ = {
			isa = PBXSourcesBuildPhase;
			buildActionMask = 2147483647;
			files = (
				FF502C6E2F754B63D960D49F /* AIService.swift in Sources */,
				90826F558CB1954EF942439A /* AddWomanView.swift in Sources */,
				7FA89F2DCFDC5730E84DC84D /* AppTheme.swift in Sources */,
				41114367E45ABDE1F72A6378 /* ChatView.swift in Sources */,
				3B0A9B6238A30FFFDD5807F7 /* ContextManager.swift in Sources */,
				F66661F10D890B0EA21B3074 /* Conversation.swift in Sources */,
				CD3DCA8ECB0C042645D21C70 /* FlirtyApp.swift in Sources */,
				0D9B664D7BBC8BC97B6DFCF3 /* ProfileNotesView.swift in Sources */,
				3AB84D9A4187A3E53A74C938 /* ResponseBubble.swift in Sources */,
				3DFB12A5FFECA99910CFE6D3 /* Tone.swift in Sources */,
				F641BAE1CFD93507DB1555D8 /* TonePicker.swift in Sources */,
				7A6F2E39229A923A744D210D /* WomanProfile.swift in Sources */,
				D22708E00D8B916467AD5A74 /* WomenListView.swift in Sources */,
			);
			runOnlyForDeploymentPostprocessing = 0;
		};
		CD3E4169EB37C897E5740206 /* Sources */ = {
			isa = PBXSourcesBuildPhase;
			buildActionMask = 2147483647;
			files = (
				752F8687CEFE207EA1210C1F /* FlirtyUITests.swift in Sources */,
			);
			runOnlyForDeploymentPostprocessing = 0;
		};
		EE9AA3699A9480448396CA74 /* Sources */ = {
			isa = PBXSourcesBuildPhase;
			buildActionMask = 2147483647;
			files = (
				27436C17B7967D41963D2704 /* ContextManagerTests.swift in Sources */,
				9F80D88844FE6FE7D9E58C89 /* FlirtyTests.swift in Sources */,
			);
			runOnlyForDeploymentPostprocessing = 0;
		};
/* End PBXSourcesBuildPhase section */

/* Begin PBXTargetDependency section */
		2430315049C93EF6D520E1F0 /* PBXTargetDependency */ = {
			isa = PBXTargetDependency;
			target = 5F7E04370C16A043F3ED4A6D /* Flirty */;
			targetProxy = 0836F7C8EC5AC5B9CCB1E7F7 /* PBXContainerItemProxy */;
		};
		351F7D6DCE45C55F8738F1B8 /* PBXTargetDependency */ = {
			isa = PBXTargetDependency;
			target = 5F7E04370C16A043F3ED4A6D /* Flirty */;
			targetProxy = 9A914484508321D04A324AD5 /* PBXContainerItemProxy */;
		};
/* End PBXTargetDependency section */

/* Begin XCBuildConfiguration section */
		0FDF865B3162FC1F9FE52BDB /* Debug */ = {
			isa = XCBuildConfiguration;
			buildSettings = {
				BUNDLE_LOADER = "$(TEST_HOST)";
				LD_RUNPATH_SEARCH_PATHS = (
					"$(inherited)",
					"@executable_path/Frameworks",
					"@loader_path/Frameworks",
				);
				PRODUCT_BUNDLE_IDENTIFIER = com.flirty.uitests;
				SDKROOT = iphoneos;
				TARGETED_DEVICE_FAMILY = "1,2";
				TEST_TARGET_NAME = Flirty;
			};
			name = Debug;
		};
		15CC89C257072FD56ED5CC9D /* Debug */ = {
			isa = XCBuildConfiguration;
			buildSettings = {
				ASSETCATALOG_COMPILER_APPICON_NAME = AppIcon;
				CODE_SIGN_IDENTITY = "iPhone Developer";
				CODE_SIGN_STYLE = Automatic;
				DEVELOPMENT_TEAM = 7JF6XQC536;
				INFOPLIST_KEY_UIApplicationSceneManifest_Generation = YES;
				INFOPLIST_KEY_UIApplicationSupportsIndirectInputEvents = YES;
				INFOPLIST_KEY_UILaunchScreen_Generation = YES;
				INFOPLIST_KEY_UISupportedInterfaceOrientations_iPhone = UIInterfaceOrientationPortrait;
				LD_RUNPATH_SEARCH_PATHS = (
					"$(inherited)",
					"@executable_path/Frameworks",
				);
				PRODUCT_BUNDLE_IDENTIFIER = com.flirty.app;
				SDKROOT = iphoneos;
				TARGETED_DEVICE_FAMILY = "1,2";
			};
			name = Debug;
		};
		32053A8ED63BD32256606D18 /* Release */ = {
			isa = XCBuildConfiguration;
			buildSettings = {
				ASSETCATALOG_COMPILER_APPICON_NAME = AppIcon;
				CODE_SIGN_IDENTITY = "iPhone Developer";
				CODE_SIGN_STYLE = Automatic;
				DEVELOPMENT_TEAM = 7JF6XQC536;
				INFOPLIST_KEY_UIApplicationSceneManifest_Generation = YES;
				INFOPLIST_KEY_UIApplicationSupportsIndirectInputEvents = YES;
				INFOPLIST_KEY_UILaunchScreen_Generation = YES;
				INFOPLIST_KEY_UISupportedInterfaceOrientations_iPhone = UIInterfaceOrientationPortrait;
				LD_RUNPATH_SEARCH_PATHS = (
					"$(inherited)",
					"@executable_path/Frameworks",
				);
				PRODUCT_BUNDLE_IDENTIFIER = com.flirty.app;
				SDKROOT = iphoneos;
				TARGETED_DEVICE_FAMILY = "1,2";
			};
			name = Release;
		};
		5EA6D23F9E00B6E0E5B78278 /* Release */ = {
			isa = XCBuildConfiguration;
			buildSettings = {
				BUNDLE_LOADER = "$(TEST_HOST)";
				LD_RUNPATH_SEARCH_PATHS = (
					"$(inherited)",
					"@executable_path/Frameworks",
					"@loader_path/Frameworks",
				);
				PRODUCT_BUNDLE_IDENTIFIER = com.flirty.tests;
				SDKROOT = iphoneos;
				TARGETED_DEVICE_FAMILY = "1,2";
				TEST_HOST = "$(BUILT_PRODUCTS_DIR)/Flirty.app/Flirty";
			};
			name = Release;
		};
		A0A25FA06FFEE4242925CD60 /* Debug */ = {
			isa = XCBuildConfiguration;
			buildSettings = {
				BUNDLE_LOADER = "$(TEST_HOST)";
				LD_RUNPATH_SEARCH_PATHS = (
					"$(inherited)",
					"@executable_path/Frameworks",
					"@loader_path/Frameworks",
				);
				PRODUCT_BUNDLE_IDENTIFIER = com.flirty.tests;
				SDKROOT = iphoneos;
				TARGETED_DEVICE_FAMILY = "1,2";
				TEST_HOST = "$(BUILT_PRODUCTS_DIR)/Flirty.app/Flirty";
			};
			name = Debug;
		};
		D348AEE9FDBB872E0DB96AC2 /* Debug */ = {
			isa = XCBuildConfiguration;
			buildSettings = {
				ALWAYS_SEARCH_USER_PATHS = NO;
				CLANG_ANALYZER_NONNULL = YES;
				CLANG_ANALYZER_NUMBER_OBJECT_CONVERSION = YES_AGGRESSIVE;
				CLANG_CXX_LANGUAGE_STANDARD = "gnu++14";
				CLANG_CXX_LIBRARY = "libc++";
				CLANG_ENABLE_MODULES = YES;
				CLANG_ENABLE_OBJC_ARC = YES;
				CLANG_ENABLE_OBJC_WEAK = YES;
				CLANG_WARN_BLOCK_CAPTURE_AUTORELEASING = YES;
				CLANG_WARN_BOOL_CONVERSION = YES;
				CLANG_WARN_COMMA = YES;
				CLANG_WARN_CONSTANT_CONVERSION = YES;
				CLANG_WARN_DEPRECATED_OBJC_IMPLEMENTATIONS = YES;
				CLANG_WARN_DIRECT_OBJC_ISA_USAGE = YES_ERROR;
				CLANG_WARN_DOCUMENTATION_COMMENTS = YES;
				CLANG_WARN_EMPTY_BODY = YES;
				CLANG_WARN_ENUM_CONVERSION = YES;
				CLANG_WARN_INFINITE_RECURSION = YES;
				CLANG_WARN_INT_CONVERSION = YES;
				CLANG_WARN_NON_LITERAL_NULL_CONVERSION = YES;
				CLANG_WARN_OBJC_IMPLICIT_RETAIN_SELF = YES;
				CLANG_WARN_OBJC_LITERAL_CONVERSION = YES;
				CLANG_WARN_OBJC_ROOT_CLASS = YES_ERROR;
				CLANG_WARN_QUOTED_INCLUDE_IN_FRAMEWORK_HEADER = YES;
				CLANG_WARN_RANGE_LOOP_ANALYSIS = YES;
				CLANG_WARN_STRICT_PROTOTYPES = YES;
				CLANG_WARN_SUSPICIOUS_MOVE = YES;
				CLANG_WARN_UNGUARDED_AVAILABILITY = YES_AGGRESSIVE;
				CLANG_WARN_UNREACHABLE_CODE = YES;
				CLANG_WARN__DUPLICATE_METHOD_MATCH = YES;
				COPY_PHASE_STRIP = NO;
				DEBUG_INFORMATION_FORMAT = dwarf;
				ENABLE_STRICT_OBJC_MSGSEND = YES;
				ENABLE_TESTABILITY = YES;
				GCC_C_LANGUAGE_STANDARD = gnu11;
				GCC_DYNAMIC_NO_PIC = NO;
				GCC_NO_COMMON_BLOCKS = YES;
				GCC_OPTIMIZATION_LEVEL = 0;
				GCC_PREPROCESSOR_DEFINITIONS = (
					"$(inherited)",
					"DEBUG=1",
				);
				GCC_WARN_64_TO_32_BIT_CONVERSION = YES;
				GCC_WARN_ABOUT_RETURN_TYPE = YES_ERROR;
				GCC_WARN_UNDECLARED_SELECTOR = YES;
				GCC_WARN_UNINITIALIZED_AUTOS = YES_AGGRESSIVE;
				GCC_WARN_UNUSED_FUNCTION = YES;
				GCC_WARN_UNUSED_VARIABLE = YES;
				GENERATE_INFOPLIST_FILE = YES;
				IPHONEOS_DEPLOYMENT_TARGET = 26.0;
				MTL_ENABLE_DEBUG_INFO = INCLUDE_SOURCE;
				MTL_FAST_MATH = YES;
				ONLY_ACTIVE_ARCH = YES;
				PRODUCT_NAME = "$(TARGET_NAME)";
				SDKROOT = iphoneos;
				SWIFT_ACTIVE_COMPILATION_CONDITIONS = DEBUG;
				SWIFT_OPTIMIZATION_LEVEL = "-Onone";
				SWIFT_VERSION = 6.2;
			};
			name = Debug;
		};
		DE40D8F29B7A67B644E8A933 /* Release */ = {
			isa = XCBuildConfiguration;
			buildSettings = {
				ALWAYS_SEARCH_USER_PATHS = NO;
				CLANG_ANALYZER_NONNULL = YES;
				CLANG_ANALYZER_NUMBER_OBJECT_CONVERSION = YES_AGGRESSIVE;
				CLANG_CXX_LANGUAGE_STANDARD = "gnu++14";
				CLANG_CXX_LIBRARY = "libc++";
				CLANG_ENABLE_MODULES = YES;
				CLANG_ENABLE_OBJC_ARC = YES;
				CLANG_ENABLE_OBJC_WEAK = YES;
				CLANG_WARN_BLOCK_CAPTURE_AUTORELEASING = YES;
				CLANG_WARN_BOOL_CONVERSION = YES;
				CLANG_WARN_COMMA = YES;
				CLANG_WARN_CONSTANT_CONVERSION = YES;
				CLANG_WARN_DEPRECATED_OBJC_IMPLEMENTATIONS = YES;
				CLANG_WARN_DIRECT_OBJC_ISA_USAGE = YES_ERROR;
				CLANG_WARN_DOCUMENTATION_COMMENTS = YES;
				CLANG_WARN_EMPTY_BODY = YES;
				CLANG_WARN_ENUM_CONVERSION = YES;
				CLANG_WARN_INFINITE_RECURSION = YES;
				CLANG_WARN_INT_CONVERSION = YES;
				CLANG_WARN_NON_LITERAL_NULL_CONVERSION = YES;
				CLANG_WARN_OBJC_IMPLICIT_RETAIN_SELF = YES;
				CLANG_WARN_OBJC_LITERAL_CONVERSION = YES;
				CLANG_WARN_OBJC_ROOT_CLASS = YES_ERROR;
				CLANG_WARN_QUOTED_INCLUDE_IN_FRAMEWORK_HEADER = YES;
				CLANG_WARN_RANGE_LOOP_ANALYSIS = YES;
				CLANG_WARN_STRICT_PROTOTYPES = YES;
				CLANG_WARN_SUSPICIOUS_MOVE = YES;
				CLANG_WARN_UNGUARDED_AVAILABILITY = YES_AGGRESSIVE;
				CLANG_WARN_UNREACHABLE_CODE = YES;
				CLANG_WARN__DUPLICATE_METHOD_MATCH = YES;
				COPY_PHASE_STRIP = NO;
				DEBUG_INFORMATION_FORMAT = "dwarf-with-dsym";
				ENABLE_NS_ASSERTIONS = NO;
				ENABLE_STRICT_OBJC_MSGSEND = YES;
				GCC_C_LANGUAGE_STANDARD = gnu11;
				GCC_NO_COMMON_BLOCKS = YES;
				GCC_WARN_64_TO_32_BIT_CONVERSION = YES;
				GCC_WARN_ABOUT_RETURN_TYPE = YES_ERROR;
				GCC_WARN_UNDECLARED_SELECTOR = YES;
				GCC_WARN_UNINITIALIZED_AUTOS = YES_AGGRESSIVE;
				GCC_WARN_UNUSED_FUNCTION = YES;
				GCC_WARN_UNUSED_VARIABLE = YES;
				GENERATE_INFOPLIST_FILE = YES;
				IPHONEOS_DEPLOYMENT_TARGET = 26.0;
				MTL_ENABLE_DEBUG_INFO = NO;
				MTL_FAST_MATH = YES;
				PRODUCT_NAME = "$(TARGET_NAME)";
				SDKROOT = iphoneos;
				SWIFT_COMPILATION_MODE = wholemodule;
				SWIFT_OPTIMIZATION_LEVEL = "-O";
				SWIFT_VERSION = 6.2;
			};
			name = Release;
		};
		F34877DD0E03F6948BA13E42 /* Release */ = {
			isa = XCBuildConfiguration;
			buildSettings = {
				BUNDLE_LOADER = "$(TEST_HOST)";
				LD_RUNPATH_SEARCH_PATHS = (
					"$(inherited)",
					"@executable_path/Frameworks",
					"@loader_path/Frameworks",
				);
				PRODUCT_BUNDLE_IDENTIFIER = com.flirty.uitests;
				SDKROOT = iphoneos;
				TARGETED_DEVICE_FAMILY = "1,2";
				TEST_TARGET_NAME = Flirty;
			};
			name = Release;
		};
/* End XCBuildConfiguration section */

/* Begin XCConfigurationList section */
		92C1BED995647A577D926382 /* Build configuration list for PBXProject "Flirty" */ = {
			isa = XCConfigurationList;
			buildConfigurations = (
				D348AEE9FDBB872E0DB96AC2 /* Debug */,
				DE40D8F29B7A67B644E8A933 /* Release */,
			);
			defaultConfigurationIsVisible = 0;
			defaultConfigurationName = Debug;
		};
		A9901FD797592DF99B003D1D /* Build configuration list for PBXNativeTarget "FlirtyUITests" */ = {
			isa = XCConfigurationList;
			buildConfigurations = (
				0FDF865B3162FC1F9FE52BDB /* Debug */,
				F34877DD0E03F6948BA13E42 /* Release */,
			);
			defaultConfigurationIsVisible = 0;
			defaultConfigurationName = Debug;
		};
		E839477312D211478210A7AA /* Build configuration list for PBXNativeTarget "Flirty" */ = {
			isa = XCConfigurationList;
			buildConfigurations = (
				15CC89C257072FD56ED5CC9D /* Debug */,
				32053A8ED63BD32256606D18 /* Release */,
			);
			defaultConfigurationIsVisible = 0;
			defaultConfigurationName = Debug;
		};
		F65E0CA26199B0B2E93CD8E2 /* Build configuration list for PBXNativeTarget "FlirtyTests" */ = {
			isa = XCConfigurationList;
			buildConfigurations = (
				A0A25FA06FFEE4242925CD60 /* Debug */,
				5EA6D23F9E00B6E0E5B78278 /* Release */,
			);
			defaultConfigurationIsVisible = 0;
			defaultConfigurationName = Debug;
		};
/* End XCConfigurationList section */
	};
	rootObject = 1A55E2233B5347D860286288 /* Project object */;
}
